// !$*UTF8*$!
{
	archiveVersion = 1;
	classes = {
	};
	objectVersion = 50;
	objects = {

/* Begin PBXBuildFile section */
		7735AEAB208A742E00F35B00 /* AppDelegate.m in Sources */ = {isa = PBXBuildFile; fileRef = 7735AEAA208A742E00F35B00 /* AppDelegate.m */; };
		7735AEB1208A742E00F35B00 /* Main.storyboard in Resources */ = {isa = PBXBuildFile; fileRef = 7735AEAF208A742E00F35B00 /* Main.storyboard */; };
		7735AEB3208A743000F35B00 /* Assets.xcassets in Resources */ = {isa = PBXBuildFile; fileRef = 7735AEB2208A743000F35B00 /* Assets.xcassets */; };
		7735AEB6208A743000F35B00 /* LaunchScreen.storyboard in Resources */ = {isa = PBXBuildFile; fileRef = 7735AEB4208A743000F35B00 /* LaunchScreen.storyboard */; };
		7735AEB9208A743000F35B00 /* main.m in Sources */ = {isa = PBXBuildFile; fileRef = 7735AEB8208A743000F35B00 /* main.m */; };
		7735AEC1208A744F00F35B00 /* ADCoreDataManager.m in Sources */ = {isa = PBXBuildFile; fileRef = 7735AEC0208A744F00F35B00 /* ADCoreDataManager.m */; };
		7735AEC5208A747B00F35B00 /* CoreData.framework in Frameworks */ = {isa = PBXBuildFile; fileRef = 7735AEC4208A747B00F35B00 /* CoreData.framework */; };
		7735AEC8208A759400F35B00 /* ADNews.xcdatamodeld in Sources */ = {isa = PBXBuildFile; fileRef = 7735AEC6208A759400F35B00 /* ADNews.xcdatamodeld */; };
		7735AECB208A770600F35B00 /* ADMainController.m in Sources */ = {isa = PBXBuildFile; fileRef = 7735AECA208A770600F35B00 /* ADMainController.m */; };
		7735AED0208A849200F35B00 /* ADMainCell.m in Sources */ = {isa = PBXBuildFile; fileRef = 7735AECF208A849200F35B00 /* ADMainCell.m */; };
		7735AED8208A9C5100F35B00 /* ADExtension.m in Sources */ = {isa = PBXBuildFile; fileRef = 7735AED7208A9C5100F35B00 /* ADExtension.m */; };
		7735AEDC208AA58900F35B00 /* ADLabel.m in Sources */ = {isa = PBXBuildFile; fileRef = 7735AEDB208AA58900F35B00 /* ADLabel.m */; };
		7735AEE0208B420200F35B00 /* ADNetworkManager.m in Sources */ = {isa = PBXBuildFile; fileRef = 7735AEDF208B420200F35B00 /* ADNetworkManager.m */; };
		7735AEF2208B6DEB00F35B00 /* DBNews.m in Sources */ = {isa = PBXBuildFile; fileRef = 7735AEF0208B6DEB00F35B00 /* DBNews.m */; };
		7735AEF8208B71AB00F35B00 /* DBSource.m in Sources */ = {isa = PBXBuildFile; fileRef = 7735AEF6208B71AB00F35B00 /* DBSource.m */; };
		7735AEFD208BDB5900F35B00 /* NSManagedObject+Extension.m in Sources */ = {isa = PBXBuildFile; fileRef = 7735AEFC208BDB5900F35B00 /* NSManagedObject+Extension.m */; };
		77A0AC6D208CA95B007B4221 /* DBDocument.m in Sources */ = {isa = PBXBuildFile; fileRef = 77A0AC6B208CA95B007B4221 /* DBDocument.m */; };
		77A0AC72208D0CB9007B4221 /* ADNewsDetailController.m in Sources */ = {isa = PBXBuildFile; fileRef = 77A0AC71208D0CB9007B4221 /* ADNewsDetailController.m */; };
/* End PBXBuildFile section */

/* Begin PBXFileReference section */
		7735AEA6208A742E00F35B00 /* ADNews.app */ = {isa = PBXFileReference; explicitFileType = wrapper.application; includeInIndex = 0; path = ADNews.app; sourceTree = BUILT_PRODUCTS_DIR; };
		7735AEA9208A742E00F35B00 /* AppDelegate.h */ = {isa = PBXFileReference; lastKnownFileType = sourcecode.c.h; path = AppDelegate.h; sourceTree = "<group>"; };
		7735AEAA208A742E00F35B00 /* AppDelegate.m */ = {isa = PBXFileReference; lastKnownFileType = sourcecode.c.objc; path = AppDelegate.m; sourceTree = "<group>"; };
		7735AEB0208A742E00F35B00 /* Base */ = {isa = PBXFileReference; lastKnownFileType = file.storyboard; name = Base; path = Base.lproj/Main.storyboard; sourceTree = "<group>"; };
		7735AEB2208A743000F35B00 /* Assets.xcassets */ = {isa = PBXFileReference; lastKnownFileType = folder.assetcatalog; path = Assets.xcassets; sourceTree = "<group>"; };
		7735AEB5208A743000F35B00 /* Base */ = {isa = PBXFileReference; lastKnownFileType = file.storyboard; name = Base; path = Base.lproj/LaunchScreen.storyboard; sourceTree = "<group>"; };
		7735AEB7208A743000F35B00 /* Info.plist */ = {isa = PBXFileReference; lastKnownFileType = text.plist.xml; path = Info.plist; sourceTree = "<group>"; };
		7735AEB8208A743000F35B00 /* main.m */ = {isa = PBXFileReference; lastKnownFileType = sourcecode.c.objc; path = main.m; sourceTree = "<group>"; };
		7735AEBF208A744F00F35B00 /* ADCoreDataManager.h */ = {isa = PBXFileReference; lastKnownFileType = sourcecode.c.h; path = ADCoreDataManager.h; sourceTree = "<group>"; };
		7735AEC0208A744F00F35B00 /* ADCoreDataManager.m */ = {isa = PBXFileReference; lastKnownFileType = sourcecode.c.objc; path = ADCoreDataManager.m; sourceTree = "<group>"; };
		7735AEC4208A747B00F35B00 /* CoreData.framework */ = {isa = PBXFileReference; lastKnownFileType = wrapper.framework; name = CoreData.framework; path = System/Library/Frameworks/CoreData.framework; sourceTree = SDKROOT; };
		7735AEC7208A759400F35B00 /* Model.xcdatamodel */ = {isa = PBXFileReference; lastKnownFileType = wrapper.xcdatamodel; path = Model.xcdatamodel; sourceTree = "<group>"; };
		7735AEC9208A770600F35B00 /* ADMainController.h */ = {isa = PBXFileReference; lastKnownFileType = sourcecode.c.h; path = ADMainController.h; sourceTree = "<group>"; };
		7735AECA208A770600F35B00 /* ADMainController.m */ = {isa = PBXFileReference; lastKnownFileType = sourcecode.c.objc; path = ADMainController.m; sourceTree = "<group>"; };
		7735AECE208A849200F35B00 /* ADMainCell.h */ = {isa = PBXFileReference; lastKnownFileType = sourcecode.c.h; path = ADMainCell.h; sourceTree = "<group>"; };
		7735AECF208A849200F35B00 /* ADMainCell.m */ = {isa = PBXFileReference; lastKnownFileType = sourcecode.c.objc; path = ADMainCell.m; sourceTree = "<group>"; };
		7735AED3208A97B800F35B00 /* ADNews.pch */ = {isa = PBXFileReference; lastKnownFileType = sourcecode.c.h; path = ADNews.pch; sourceTree = "<group>"; };
		7735AED6208A9C5100F35B00 /* ADExtension.h */ = {isa = PBXFileReference; lastKnownFileType = sourcecode.c.h; path = ADExtension.h; sourceTree = "<group>"; };
		7735AED7208A9C5100F35B00 /* ADExtension.m */ = {isa = PBXFileReference; lastKnownFileType = sourcecode.c.objc; path = ADExtension.m; sourceTree = "<group>"; };
		7735AEDA208AA58900F35B00 /* ADLabel.h */ = {isa = PBXFileReference; lastKnownFileType = sourcecode.c.h; path = ADLabel.h; sourceTree = "<group>"; };
		7735AEDB208AA58900F35B00 /* ADLabel.m */ = {isa = PBXFileReference; lastKnownFileType = sourcecode.c.objc; path = ADLabel.m; sourceTree = "<group>"; };
		7735AEDE208B420200F35B00 /* ADNetworkManager.h */ = {isa = PBXFileReference; lastKnownFileType = sourcecode.c.h; path = ADNetworkManager.h; sourceTree = "<group>"; };
		7735AEDF208B420200F35B00 /* ADNetworkManager.m */ = {isa = PBXFileReference; lastKnownFileType = sourcecode.c.objc; path = ADNetworkManager.m; sourceTree = "<group>"; };
		7735AEEF208B6DEB00F35B00 /* DBNews.h */ = {isa = PBXFileReference; lastKnownFileType = sourcecode.c.h; path = DBNews.h; sourceTree = "<group>"; };
		7735AEF0208B6DEB00F35B00 /* DBNews.m */ = {isa = PBXFileReference; lastKnownFileType = sourcecode.c.objc; path = DBNews.m; sourceTree = "<group>"; };
		7735AEF5208B71AB00F35B00 /* DBSource.h */ = {isa = PBXFileReference; lastKnownFileType = sourcecode.c.h; path = DBSource.h; sourceTree = "<group>"; };
		7735AEF6208B71AB00F35B00 /* DBSource.m */ = {isa = PBXFileReference; lastKnownFileType = sourcecode.c.objc; path = DBSource.m; sourceTree = "<group>"; };
		7735AEFB208BDB5900F35B00 /* NSManagedObject+Extension.h */ = {isa = PBXFileReference; lastKnownFileType = sourcecode.c.h; path = "NSManagedObject+Extension.h"; sourceTree = "<group>"; };
		7735AEFC208BDB5900F35B00 /* NSManagedObject+Extension.m */ = {isa = PBXFileReference; lastKnownFileType = sourcecode.c.objc; path = "NSManagedObject+Extension.m"; sourceTree = "<group>"; };
		77A0AC6A208CA95B007B4221 /* DBDocument.h */ = {isa = PBXFileReference; lastKnownFileType = sourcecode.c.h; path = DBDocument.h; sourceTree = "<group>"; };
		77A0AC6B208CA95B007B4221 /* DBDocument.m */ = {isa = PBXFileReference; lastKnownFileType = sourcecode.c.objc; path = DBDocument.m; sourceTree = "<group>"; };
		77A0AC70208D0CB9007B4221 /* ADNewsDetailController.h */ = {isa = PBXFileReference; lastKnownFileType = sourcecode.c.h; path = ADNewsDetailController.h; sourceTree = "<group>"; };
		77A0AC71208D0CB9007B4221 /* ADNewsDetailController.m */ = {isa = PBXFileReference; lastKnownFileType = sourcecode.c.objc; path = ADNewsDetailController.m; sourceTree = "<group>"; };
/* End PBXFileReference section */

/* Begin PBXFrameworksBuildPhase section */
		7735AEA3208A742E00F35B00 /* Frameworks */ = {
			isa = PBXFrameworksBuildPhase;
			buildActionMask = 2147483647;
			files = (
				7735AEC5208A747B00F35B00 /* CoreData.framework in Frameworks */,
			);
			runOnlyForDeploymentPostprocessing = 0;
		};
/* End PBXFrameworksBuildPhase section */

/* Begin PBXGroup section */
		7735AE9D208A742E00F35B00 = {
			isa = PBXGroup;
			children = (
				7735AEA8208A742E00F35B00 /* ADNews */,
				7735AEA7208A742E00F35B00 /* Products */,
				7735AEC3208A747B00F35B00 /* Frameworks */,
			);
			sourceTree = "<group>";
		};
		7735AEA7208A742E00F35B00 /* Products */ = {
			isa = PBXGroup;
			children = (
				7735AEA6208A742E00F35B00 /* ADNews.app */,
			);
			name = Products;
			sourceTree = "<group>";
		};
		7735AEA8208A742E00F35B00 /* ADNews */ = {
			isa = PBXGroup;
			children = (
				7735AEA9208A742E00F35B00 /* AppDelegate.h */,
				7735AEAA208A742E00F35B00 /* AppDelegate.m */,
				7735AECC208A78E600F35B00 /* Controllers */,
				7735AEDD208B41DE00F35B00 /* Network Manager */,
				7735AEC2208A745600F35B00 /* Core Data Manager */,
				7735AED9208A9C5D00F35B00 /* Resources */,
				7735AEAF208A742E00F35B00 /* Main.storyboard */,
				7735AEB2208A743000F35B00 /* Assets.xcassets */,
				7735AEB4208A743000F35B00 /* LaunchScreen.storyboard */,
				7735AEB7208A743000F35B00 /* Info.plist */,
				7735AEB8208A743000F35B00 /* main.m */,
			);
			path = ADNews;
			sourceTree = "<group>";
		};
		7735AEC2208A745600F35B00 /* Core Data Manager */ = {
			isa = PBXGroup;
			children = (
				7735AEBF208A744F00F35B00 /* ADCoreDataManager.h */,
				7735AEC0208A744F00F35B00 /* ADCoreDataManager.m */,
				7735AEC6208A759400F35B00 /* ADNews.xcdatamodeld */,
				7735AEE1208B6D4F00F35B00 /* Classes */,
			);
			path = "Core Data Manager";
			sourceTree = "<group>";
		};
		7735AEC3208A747B00F35B00 /* Frameworks */ = {
			isa = PBXGroup;
			children = (
				7735AEC4208A747B00F35B00 /* CoreData.framework */,
			);
			name = Frameworks;
			sourceTree = "<group>";
		};
		7735AECC208A78E600F35B00 /* Controllers */ = {
			isa = PBXGroup;
			children = (
				7735AECD208A847100F35B00 /* Main Controller */,
				77A0AC6F208D0C77007B4221 /* News Detail Controller */,
			);
			path = Controllers;
			sourceTree = "<group>";
		};
		7735AECD208A847100F35B00 /* Main Controller */ = {
			isa = PBXGroup;
			children = (
				7735AEC9208A770600F35B00 /* ADMainController.h */,
				7735AECA208A770600F35B00 /* ADMainController.m */,
				7735AECE208A849200F35B00 /* ADMainCell.h */,
				7735AECF208A849200F35B00 /* ADMainCell.m */,
			);
			path = "Main Controller";
			sourceTree = "<group>";
		};
		7735AED9208A9C5D00F35B00 /* Resources */ = {
			isa = PBXGroup;
			children = (
				7735AED3208A97B800F35B00 /* ADNews.pch */,
				7735AEDA208AA58900F35B00 /* ADLabel.h */,
				7735AEDB208AA58900F35B00 /* ADLabel.m */,
				7735AED6208A9C5100F35B00 /* ADExtension.h */,
				7735AED7208A9C5100F35B00 /* ADExtension.m */,
			);
			path = Resources;
			sourceTree = "<group>";
		};
		7735AEDD208B41DE00F35B00 /* Network Manager */ = {
			isa = PBXGroup;
			children = (
				7735AEDE208B420200F35B00 /* ADNetworkManager.h */,
				7735AEDF208B420200F35B00 /* ADNetworkManager.m */,
			);
			path = "Network Manager";
			sourceTree = "<group>";
		};
		7735AEE1208B6D4F00F35B00 /* Classes */ = {
			isa = PBXGroup;
			children = (
				7735AEFB208BDB5900F35B00 /* NSManagedObject+Extension.h */,
				7735AEFC208BDB5900F35B00 /* NSManagedObject+Extension.m */,
				7735AEF5208B71AB00F35B00 /* DBSource.h */,
				7735AEF6208B71AB00F35B00 /* DBSource.m */,
				7735AEEF208B6DEB00F35B00 /* DBNews.h */,
				7735AEF0208B6DEB00F35B00 /* DBNews.m */,
				77A0AC6A208CA95B007B4221 /* DBDocument.h */,
				77A0AC6B208CA95B007B4221 /* DBDocument.m */,
			);
			path = Classes;
			sourceTree = "<group>";
		};
		77A0AC6F208D0C77007B4221 /* News Detail Controller */ = {
			isa = PBXGroup;
			children = (
				77A0AC70208D0CB9007B4221 /* ADNewsDetailController.h */,
				77A0AC71208D0CB9007B4221 /* ADNewsDetailController.m */,
			);
			path = "News Detail Controller";
			sourceTree = "<group>";
		};
/* End PBXGroup section */

/* Begin PBXNativeTarget section */
		7735AEA5208A742E00F35B00 /* ADNews */ = {
			isa = PBXNativeTarget;
			buildConfigurationList = 7735AEBC208A743000F35B00 /* Build configuration list for PBXNativeTarget "ADNews" */;
			buildPhases = (
				7735AEA2208A742E00F35B00 /* Sources */,
				7735AEA3208A742E00F35B00 /* Frameworks */,
				7735AEA4208A742E00F35B00 /* Resources */,
			);
			buildRules = (
			);
			dependencies = (
			);
			name = ADNews;
			productName = ADNews;
			productReference = 7735AEA6208A742E00F35B00 /* ADNews.app */;
			productType = "com.apple.product-type.application";
		};
/* End PBXNativeTarget section */

/* Begin PBXProject section */
		7735AE9E208A742E00F35B00 /* Project object */ = {
			isa = PBXProject;
			attributes = {
				LastUpgradeCheck = 0930;
				ORGANIZATIONNAME = "Александр Дудырев";
				TargetAttributes = {
					7735AEA5208A742E00F35B00 = {
						CreatedOnToolsVersion = 9.3;
					};
				};
			};
			buildConfigurationList = 7735AEA1208A742E00F35B00 /* Build configuration list for PBXProject "ADNews" */;
			compatibilityVersion = "Xcode 9.3";
			developmentRegion = en;
			hasScannedForEncodings = 0;
			knownRegions = (
				en,
				Base,
			);
			mainGroup = 7735AE9D208A742E00F35B00;
			productRefGroup = 7735AEA7208A742E00F35B00 /* Products */;
			projectDirPath = "";
			projectRoot = "";
			targets = (
				7735AEA5208A742E00F35B00 /* ADNews */,
			);
		};
/* End PBXProject section */

/* Begin PBXResourcesBuildPhase section */
		7735AEA4208A742E00F35B00 /* Resources */ = {
			isa = PBXResourcesBuildPhase;
			buildActionMask = 2147483647;
			files = (
				7735AEB6208A743000F35B00 /* LaunchScreen.storyboard in Resources */,
				7735AEB3208A743000F35B00 /* Assets.xcassets in Resources */,
				7735AEB1208A742E00F35B00 /* Main.storyboard in Resources */,
			);
			runOnlyForDeploymentPostprocessing = 0;
		};
/* End PBXResourcesBuildPhase section */

/* Begin PBXSourcesBuildPhase section */
		7735AEA2208A742E00F35B00 /* Sources */ = {
			isa = PBXSourcesBuildPhase;
			buildActionMask = 2147483647;
			files = (
				7735AEC1208A744F00F35B00 /* ADCoreDataManager.m in Sources */,
				7735AEDC208AA58900F35B00 /* ADLabel.m in Sources */,
				7735AED0208A849200F35B00 /* ADMainCell.m in Sources */,
				77A0AC6D208CA95B007B4221 /* DBDocument.m in Sources */,
				77A0AC72208D0CB9007B4221 /* ADNewsDetailController.m in Sources */,
				7735AECB208A770600F35B00 /* ADMainController.m in Sources */,
				7735AEF2208B6DEB00F35B00 /* DBNews.m in Sources */,
				7735AEC8208A759400F35B00 /* ADNews.xcdatamodeld in Sources */,
				7735AEF8208B71AB00F35B00 /* DBSource.m in Sources */,
				7735AEFD208BDB5900F35B00 /* NSManagedObject+Extension.m in Sources */,
				7735AED8208A9C5100F35B00 /* ADExtension.m in Sources */,
				7735AEB9208A743000F35B00 /* main.m in Sources */,
				7735AEE0208B420200F35B00 /* ADNetworkManager.m in Sources */,
				7735AEAB208A742E00F35B00 /* AppDelegate.m in Sources */,
			);
			runOnlyForDeploymentPostprocessing = 0;
		};
/* End PBXSourcesBuildPhase section */

/* Begin PBXVariantGroup section */
		7735AEAF208A742E00F35B00 /* Main.storyboard */ = {
			isa = PBXVariantGroup;
			children = (
				7735AEB0208A742E00F35B00 /* Base */,
			);
			name = Main.storyboard;
			sourceTree = "<group>";
		};
		7735AEB4208A743000F35B00 /* LaunchScreen.storyboard */ = {
			isa = PBXVariantGroup;
			children = (
				7735AEB5208A743000F35B00 /* Base */,
			);
			name = LaunchScreen.storyboard;
			sourceTree = "<group>";
		};
/* End PBXVariantGroup section */

/* Begin XCBuildConfiguration section */
		7735AEBA208A743000F35B00 /* Debug */ = {
			isa = XCBuildConfiguration;
			buildSettings = {
				ALWAYS_SEARCH_USER_PATHS = NO;
				CLANG_ANALYZER_NONNULL = YES;
				CLANG_ANALYZER_NUMBER_OBJECT_CONVERSION = YES_AGGRESSIVE;
				CLANG_CXX_LANGUAGE_STANDARD = "gnu++14";
				CLANG_CXX_LIBRARY = "libc++";
				CLANG_ENABLE_MODULES = YES;
				CLANG_ENABLE_OBJC_ARC = YES;
				CLANG_ENABLE_OBJC_WEAK = YES;
				CLANG_WARN_BLOCK_CAPTURE_AUTORELEASING = YES;
				CLANG_WARN_BOOL_CONVERSION = YES;
				CLANG_WARN_COMMA = YES;
				CLANG_WARN_CONSTANT_CONVERSION = YES;
				CLANG_WARN_DEPRECATED_OBJC_IMPLEMENTATIONS = YES;
				CLANG_WARN_DIRECT_OBJC_ISA_USAGE = YES_ERROR;
				CLANG_WARN_DOCUMENTATION_COMMENTS = YES;
				CLANG_WARN_EMPTY_BODY = YES;
				CLANG_WARN_ENUM_CONVERSION = YES;
				CLANG_WARN_INFINITE_RECURSION = YES;
				CLANG_WARN_INT_CONVERSION = YES;
				CLANG_WARN_NON_LITERAL_NULL_CONVERSION = YES;
				CLANG_WARN_OBJC_IMPLICIT_RETAIN_SELF = YES;
				CLANG_WARN_OBJC_LITERAL_CONVERSION = YES;
				CLANG_WARN_OBJC_ROOT_CLASS = YES_ERROR;
				CLANG_WARN_RANGE_LOOP_ANALYSIS = YES;
				CLANG_WARN_STRICT_PROTOTYPES = YES;
				CLANG_WARN_SUSPICIOUS_MOVE = YES;
				CLANG_WARN_UNGUARDED_AVAILABILITY = YES_AGGRESSIVE;
				CLANG_WARN_UNREACHABLE_CODE = YES;
				CLANG_WARN__DUPLICATE_METHOD_MATCH = YES;
				CODE_SIGN_IDENTITY = "iPhone Developer";
				COPY_PHASE_STRIP = NO;
				DEBUG_INFORMATION_FORMAT = dwarf;
				ENABLE_STRICT_OBJC_MSGSEND = YES;
				ENABLE_TESTABILITY = YES;
				GCC_C_LANGUAGE_STANDARD = gnu11;
				GCC_DYNAMIC_NO_PIC = NO;
				GCC_NO_COMMON_BLOCKS = YES;
				GCC_OPTIMIZATION_LEVEL = 0;
				GCC_PREPROCESSOR_DEFINITIONS = (
					"DEBUG=1",
					"$(inherited)",
				);
				GCC_WARN_64_TO_32_BIT_CONVERSION = YES;
				GCC_WARN_ABOUT_RETURN_TYPE = YES_ERROR;
				GCC_WARN_UNDECLARED_SELECTOR = YES;
				GCC_WARN_UNINITIALIZED_AUTOS = YES_AGGRESSIVE;
				GCC_WARN_UNUSED_FUNCTION = YES;
				GCC_WARN_UNUSED_VARIABLE = YES;
				IPHONEOS_DEPLOYMENT_TARGET = 11.3;
				MTL_ENABLE_DEBUG_INFO = YES;
				ONLY_ACTIVE_ARCH = YES;
				SDKROOT = iphoneos;
			};
			name = Debug;
		};
		7735AEBB208A743000F35B00 /* Release */ = {
			isa = XCBuildConfiguration;
			buildSettings = {
				ALWAYS_SEARCH_USER_PATHS = NO;
				CLANG_ANALYZER_NONNULL = YES;
				CLANG_ANALYZER_NUMBER_OBJECT_CONVERSION = YES_AGGRESSIVE;
				CLANG_CXX_LANGUAGE_STANDARD = "gnu++14";
				CLANG_CXX_LIBRARY = "libc++";
				CLANG_ENABLE_MODULES = YES;
				CLANG_ENABLE_OBJC_ARC = YES;
				CLANG_ENABLE_OBJC_WEAK = YES;
				CLANG_WARN_BLOCK_CAPTURE_AUTORELEASING = YES;
				CLANG_WARN_BOOL_CONVERSION = YES;
				CLANG_WARN_COMMA = YES;
				CLANG_WARN_CONSTANT_CONVERSION = YES;
				CLANG_WARN_DEPRECATED_OBJC_IMPLEMENTATIONS = YES;
				CLANG_WARN_DIRECT_OBJC_ISA_USAGE = YES_ERROR;
				CLANG_WARN_DOCUMENTATION_COMMENTS = YES;
				CLANG_WARN_EMPTY_BODY = YES;
				CLANG_WARN_ENUM_CONVERSION = YES;
				CLANG_WARN_INFINITE_RECURSION = YES;
				CLANG_WARN_INT_CONVERSION = YES;
				CLANG_WARN_NON_LITERAL_NULL_CONVERSION = YES;
				CLANG_WARN_OBJC_IMPLICIT_RETAIN_SELF = YES;
				CLANG_WARN_OBJC_LITERAL_CONVERSION = YES;
				CLANG_WARN_OBJC_ROOT_CLASS = YES_ERROR;
				CLANG_WARN_RANGE_LOOP_ANALYSIS = YES;
				CLANG_WARN_STRICT_PROTOTYPES = YES;
				CLANG_WARN_SUSPICIOUS_MOVE = YES;
				CLANG_WARN_UNGUARDED_AVAILABILITY = YES_AGGRESSIVE;
				CLANG_WARN_UNREACHABLE_CODE = YES;
				CLANG_WARN__DUPLICATE_METHOD_MATCH = YES;
				CODE_SIGN_IDENTITY = "iPhone Developer";
				COPY_PHASE_STRIP = NO;
				DEBUG_INFORMATION_FORMAT = "dwarf-with-dsym";
				ENABLE_NS_ASSERTIONS = NO;
				ENABLE_STRICT_OBJC_MSGSEND = YES;
				GCC_C_LANGUAGE_STANDARD = gnu11;
				GCC_NO_COMMON_BLOCKS = YES;
				GCC_WARN_64_TO_32_BIT_CONVERSION = YES;
				GCC_WARN_ABOUT_RETURN_TYPE = YES_ERROR;
				GCC_WARN_UNDECLARED_SELECTOR = YES;
				GCC_WARN_UNINITIALIZED_AUTOS = YES_AGGRESSIVE;
				GCC_WARN_UNUSED_FUNCTION = YES;
				GCC_WARN_UNUSED_VARIABLE = YES;
				IPHONEOS_DEPLOYMENT_TARGET = 11.3;
				MTL_ENABLE_DEBUG_INFO = NO;
				SDKROOT = iphoneos;
				VALIDATE_PRODUCT = YES;
			};
			name = Release;
		};
		7735AEBD208A743000F35B00 /* Debug */ = {
			isa = XCBuildConfiguration;
			buildSettings = {
				ASSETCATALOG_COMPILER_APPICON_NAME = AppIcon;
				CODE_SIGN_STYLE = Automatic;
				DEVELOPMENT_TEAM = Y45ED4QPJC;
				GCC_PRECOMPILE_PREFIX_HEADER = YES;
				GCC_PREFIX_HEADER = ADNews/Resources/ADNews.pch;
				INFOPLIST_FILE = ADNews/Info.plist;
				LD_RUNPATH_SEARCH_PATHS = (
					"$(inherited)",
					"@executable_path/Frameworks",
				);
				PRODUCT_BUNDLE_IDENTIFIER = com.AAD.ADNews;
				PRODUCT_NAME = "$(TARGET_NAME)";
				TARGETED_DEVICE_FAMILY = "1,2";
			};
			name = Debug;
		};
		7735AEBE208A743000F35B00 /* Release */ = {
			isa = XCBuildConfiguration;
			buildSettings = {
				ASSETCATALOG_COMPILER_APPICON_NAME = AppIcon;
				CODE_SIGN_STYLE = Automatic;
				DEVELOPMENT_TEAM = Y45ED4QPJC;
				GCC_PRECOMPILE_PREFIX_HEADER = YES;
				GCC_PREFIX_HEADER = ADNews/Resources/ADNews.pch;
				INFOPLIST_FILE = ADNews/Info.plist;
				LD_RUNPATH_SEARCH_PATHS = (
					"$(inherited)",
					"@executable_path/Frameworks",
				);
				PRODUCT_BUNDLE_IDENTIFIER = com.AAD.ADNews;
				PRODUCT_NAME = "$(TARGET_NAME)";
				TARGETED_DEVICE_FAMILY = "1,2";
			};
			name = Release;
		};
/* End XCBuildConfiguration section */

/* Begin XCConfigurationList section */
		7735AEA1208A742E00F35B00 /* Build configuration list for PBXProject "ADNews" */ = {
			isa = XCConfigurationList;
			buildConfigurations = (
				7735AEBA208A743000F35B00 /* Debug */,
				7735AEBB208A743000F35B00 /* Release */,
			);
			defaultConfigurationIsVisible = 0;
			defaultConfigurationName = Release;
		};
		7735AEBC208A743000F35B00 /* Build configuration list for PBXNativeTarget "ADNews" */ = {
			isa = XCConfigurationList;
			buildConfigurations = (
				7735AEBD208A743000F35B00 /* Debug */,
				7735AEBE208A743000F35B00 /* Release */,
			);
			defaultConfigurationIsVisible = 0;
			defaultConfigurationName = Release;
		};
/* End XCConfigurationList section */

/* Begin XCVersionGroup section */
		7735AEC6208A759400F35B00 /* ADNews.xcdatamodeld */ = {
			isa = XCVersionGroup;
			children = (
				7735AEC7208A759400F35B00 /* Model.xcdatamodel */,
			);
			currentVersion = 7735AEC7208A759400F35B00 /* Model.xcdatamodel */;
			path = ADNews.xcdatamodeld;
			sourceTree = "<group>";
			versionGroupType = wrapper.xcdatamodel;
		};
/* End XCVersionGroup section */
	};
	rootObject = 7735AE9E208A742E00F35B00 /* Project object */;
}
